
Microsoft Visual Studio Solution File, Format Version 12.00
# Visual Studio Version 17
VisualStudioVersion = 17.8.34525.116
MinimumVisualStudioVersion = 10.0.40219.1
Project("{FAE04EC0-301F-11D3-BF4B-00C04F79EFBC}") = "MUS", "MUS\MUS.csproj", "{2EED7C41-77C6-4522-A904-38BAFC5E7509}"
EndProject
Global
	GlobalSection(SolutionConfigurationPlatforms) = preSolution
		Debug|Any CPU = Debug|Any CPU
		Release|Any CPU = Release|Any CPU
	EndGlobalSection
	GlobalSection(ProjectConfigurationPlatforms) = postSolution
		{2EED7C41-77C6-4522-A904-38BAFC5E7509}.Debug|Any CPU.ActiveCfg = Debug|Any CPU
		{2EED7C41-77C6-4522-A904-38BAFC5E7509}.Debug|Any CPU.Build.0 = Debug|Any CPU
		{2EED7C41-77C6-4522-A904-38BAFC5E7509}.Release|Any CPU.ActiveCfg = Release|Any CPU
		{2EED7C41-77C6-4522-A904-38BAFC5E7509}.Release|Any CPU.Build.0 = Release|Any CPU
	EndGlobalSection
	GlobalSection(SolutionProperties) = preSolution
		HideSolutionNode = FALSE
	EndGlobalSection
	GlobalSection(ExtensibilityGlobals) = postSolution
		SolutionGuid = {0F71B30E-8649-488A-AF59-202887F0FE2D}
	EndGlobalSection
EndGlobal
